// !$*UTF8*$!
{
	archiveVersion = 1;
	classes = {
	};
	objectVersion = 46;
	objects = {

/* Begin PBXBuildFile section */
		D1E95BC51B442FFD00620BD7 /* AppDelegate.swift in Sources */ = {isa = PBXBuildFile; fileRef = D1E95BC41B442FFD00620BD7 /* AppDelegate.swift */; };
		D1E95BC71B442FFD00620BD7 /* ViewController.swift in Sources */ = {isa = PBXBuildFile; fileRef = D1E95BC61B442FFD00620BD7 /* ViewController.swift */; };
		D1E95BCA1B442FFD00620BD7 /* Main.storyboard in Resources */ = {isa = PBXBuildFile; fileRef = D1E95BC81B442FFD00620BD7 /* Main.storyboard */; };
		D1E95BCC1B442FFD00620BD7 /* Assets.xcassets in Resources */ = {isa = PBXBuildFile; fileRef = D1E95BCB1B442FFD00620BD7 /* Assets.xcassets */; };
		D1E95BCF1B442FFD00620BD7 /* LaunchScreen.storyboard in Resources */ = {isa = PBXBuildFile; fileRef = D1E95BCD1B442FFD00620BD7 /* LaunchScreen.storyboard */; };
		D1E95BDA1B442FFD00620BD7 /* Mad_LibsTests.swift in Sources */ = {isa = PBXBuildFile; fileRef = D1E95BD91B442FFD00620BD7 /* Mad_LibsTests.swift */; };
		D1E95BE51B442FFD00620BD7 /* Mad_LibsUITests.swift in Sources */ = {isa = PBXBuildFile; fileRef = D1E95BE41B442FFD00620BD7 /* Mad_LibsUITests.swift */; };
		D1E95BF51B44407B00620BD7 /* EditStoryViewController.swift in Sources */ = {isa = PBXBuildFile; fileRef = D1E95BF41B44407B00620BD7 /* EditStoryViewController.swift */; };
		D1E95BF71B44408A00620BD7 /* ViewStoryViewController.swift in Sources */ = {isa = PBXBuildFile; fileRef = D1E95BF61B44408A00620BD7 /* ViewStoryViewController.swift */; };
		D1E95BF91B4445F300620BD7 /* FileManager.swift in Sources */ = {isa = PBXBuildFile; fileRef = D1E95BF81B4445F300620BD7 /* FileManager.swift */; };
		D1E95BFB1B444CFE00620BD7 /* MadLibsTableViewCell.swift in Sources */ = {isa = PBXBuildFile; fileRef = D1E95BFA1B444CFE00620BD7 /* MadLibsTableViewCell.swift */; };
/* End PBXBuildFile section */

/* Begin PBXContainerItemProxy section */
		D1E95BD61B442FFD00620BD7 /* PBXContainerItemProxy */ = {
			isa = PBXContainerItemProxy;
			containerPortal = D1E95BB91B442FFD00620BD7 /* Project object */;
			proxyType = 1;
			remoteGlobalIDString = D1E95BC01B442FFD00620BD7;
			remoteInfo = "Mad Libs";
		};
		D1E95BE11B442FFD00620BD7 /* PBXContainerItemProxy */ = {
			isa = PBXContainerItemProxy;
			containerPortal = D1E95BB91B442FFD00620BD7 /* Project object */;
			proxyType = 1;
			remoteGlobalIDString = D1E95BC01B442FFD00620BD7;
			remoteInfo = "Mad Libs";
		};
/* End PBXContainerItemProxy section */

/* Begin PBXFileReference section */
		D1E95BC11B442FFD00620BD7 /* Mad Libs.app */ = {isa = PBXFileReference; explicitFileType = wrapper.application; includeInIndex = 0; path = "Mad Libs.app"; sourceTree = BUILT_PRODUCTS_DIR; };
		D1E95BC41B442FFD00620BD7 /* AppDelegate.swift */ = {isa = PBXFileReference; lastKnownFileType = sourcecode.swift; path = AppDelegate.swift; sourceTree = "<group>"; };
		D1E95BC61B442FFD00620BD7 /* ViewController.swift */ = {isa = PBXFileReference; lastKnownFileType = sourcecode.swift; path = ViewController.swift; sourceTree = "<group>"; };
		D1E95BC91B442FFD00620BD7 /* Base */ = {isa = PBXFileReference; lastKnownFileType = file.storyboard; name = Base; path = Base.lproj/Main.storyboard; sourceTree = "<group>"; };
		D1E95BCB1B442FFD00620BD7 /* Assets.xcassets */ = {isa = PBXFileReference; lastKnownFileType = folder.assetcatalog; path = Assets.xcassets; sourceTree = "<group>"; };
		D1E95BCE1B442FFD00620BD7 /* Base */ = {isa = PBXFileReference; lastKnownFileType = file.storyboard; name = Base; path = Base.lproj/LaunchScreen.storyboard; sourceTree = "<group>"; };
		D1E95BD01B442FFD00620BD7 /* Info.plist */ = {isa = PBXFileReference; lastKnownFileType = text.plist.xml; path = Info.plist; sourceTree = "<group>"; };
		D1E95BD51B442FFD00620BD7 /* Mad LibsTests.xctest */ = {isa = PBXFileReference; explicitFileType = wrapper.cfbundle; includeInIndex = 0; path = "Mad LibsTests.xctest"; sourceTree = BUILT_PRODUCTS_DIR; };
		D1E95BD91B442FFD00620BD7 /* Mad_LibsTests.swift */ = {isa = PBXFileReference; lastKnownFileType = sourcecode.swift; path = Mad_LibsTests.swift; sourceTree = "<group>"; };
		D1E95BDB1B442FFD00620BD7 /* Info.plist */ = {isa = PBXFileReference; lastKnownFileType = text.plist.xml; path = Info.plist; sourceTree = "<group>"; };
		D1E95BE01B442FFD00620BD7 /* Mad LibsUITests.xctest */ = {isa = PBXFileReference; explicitFileType = wrapper.cfbundle; includeInIndex = 0; path = "Mad LibsUITests.xctest"; sourceTree = BUILT_PRODUCTS_DIR; };
		D1E95BE41B442FFD00620BD7 /* Mad_LibsUITests.swift */ = {isa = PBXFileReference; lastKnownFileType = sourcecode.swift; path = Mad_LibsUITests.swift; sourceTree = "<group>"; };
		D1E95BE61B442FFD00620BD7 /* Info.plist */ = {isa = PBXFileReference; lastKnownFileType = text.plist.xml; path = Info.plist; sourceTree = "<group>"; };
		D1E95BF41B44407B00620BD7 /* EditStoryViewController.swift */ = {isa = PBXFileReference; fileEncoding = 4; lastKnownFileType = sourcecode.swift; name = EditStoryViewController.swift; path = ../EditStoryViewController.swift; sourceTree = "<group>"; };
		D1E95BF61B44408A00620BD7 /* ViewStoryViewController.swift */ = {isa = PBXFileReference; fileEncoding = 4; lastKnownFileType = sourcecode.swift; name = ViewStoryViewController.swift; path = ../ViewStoryViewController.swift; sourceTree = "<group>"; };
		D1E95BF81B4445F300620BD7 /* FileManager.swift */ = {isa = PBXFileReference; fileEncoding = 4; lastKnownFileType = sourcecode.swift; path = FileManager.swift; sourceTree = "<group>"; };
		D1E95BFA1B444CFE00620BD7 /* MadLibsTableViewCell.swift */ = {isa = PBXFileReference; fileEncoding = 4; lastKnownFileType = sourcecode.swift; path = MadLibsTableViewCell.swift; sourceTree = "<group>"; };
/* End PBXFileReference section */

/* Begin PBXFrameworksBuildPhase section */
		D1E95BBE1B442FFD00620BD7 /* Frameworks */ = {
			isa = PBXFrameworksBuildPhase;
			buildActionMask = 2147483647;
			files = (
			);
			runOnlyForDeploymentPostprocessing = 0;
		};
		D1E95BD21B442FFD00620BD7 /* Frameworks */ = {
			isa = PBXFrameworksBuildPhase;
			buildActionMask = 2147483647;
			files = (
			);
			runOnlyForDeploymentPostprocessing = 0;
		};
		D1E95BDD1B442FFD00620BD7 /* Frameworks */ = {
			isa = PBXFrameworksBuildPhase;
			buildActionMask = 2147483647;
			files = (
			);
			runOnlyForDeploymentPostprocessing = 0;
		};
/* End PBXFrameworksBuildPhase section */

/* Begin PBXGroup section */
		D1E95BB81B442FFD00620BD7 = {
			isa = PBXGroup;
			children = (
				D1E95BC31B442FFD00620BD7 /* Mad Libs */,
				D1E95BD81B442FFD00620BD7 /* Mad LibsTests */,
				D1E95BE31B442FFD00620BD7 /* Mad LibsUITests */,
				D1E95BC21B442FFD00620BD7 /* Products */,
			);
			sourceTree = "<group>";
		};
		D1E95BC21B442FFD00620BD7 /* Products */ = {
			isa = PBXGroup;
			children = (
				D1E95BC11B442FFD00620BD7 /* Mad Libs.app */,
				D1E95BD51B442FFD00620BD7 /* Mad LibsTests.xctest */,
				D1E95BE01B442FFD00620BD7 /* Mad LibsUITests.xctest */,
			);
			name = Products;
			sourceTree = "<group>";
		};
		D1E95BC31B442FFD00620BD7 /* Mad Libs */ = {
			isa = PBXGroup;
			children = (
				D1E95BC41B442FFD00620BD7 /* AppDelegate.swift */,
				D1E95BF61B44408A00620BD7 /* ViewStoryViewController.swift */,
				D1E95BF41B44407B00620BD7 /* EditStoryViewController.swift */,
				D1E95BC61B442FFD00620BD7 /* ViewController.swift */,
				D1E95BFA1B444CFE00620BD7 /* MadLibsTableViewCell.swift */,
				D1E95BC81B442FFD00620BD7 /* Main.storyboard */,
				D1E95BF81B4445F300620BD7 /* FileManager.swift */,
				D1E95BCB1B442FFD00620BD7 /* Assets.xcassets */,
				D1E95BCD1B442FFD00620BD7 /* LaunchScreen.storyboard */,
				D1E95BD01B442FFD00620BD7 /* Info.plist */,
			);
			path = "Mad Libs";
			sourceTree = "<group>";
		};
		D1E95BD81B442FFD00620BD7 /* Mad LibsTests */ = {
			isa = PBXGroup;
			children = (
				D1E95BD91B442FFD00620BD7 /* Mad_LibsTests.swift */,
				D1E95BDB1B442FFD00620BD7 /* Info.plist */,
			);
			path = "Mad LibsTests";
			sourceTree = "<group>";
		};
		D1E95BE31B442FFD00620BD7 /* Mad LibsUITests */ = {
			isa = PBXGroup;
			children = (
				D1E95BE41B442FFD00620BD7 /* Mad_LibsUITests.swift */,
				D1E95BE61B442FFD00620BD7 /* Info.plist */,
			);
			path = "Mad LibsUITests";
			sourceTree = "<group>";
		};
/* End PBXGroup section */

/* Begin PBXNativeTarget section */
		D1E95BC01B442FFD00620BD7 /* Mad Libs */ = {
			isa = PBXNativeTarget;
			buildConfigurationList = D1E95BE91B442FFD00620BD7 /* Build configuration list for PBXNativeTarget "Mad Libs" */;
			buildPhases = (
				D1E95BBD1B442FFD00620BD7 /* Sources */,
				D1E95BBE1B442FFD00620BD7 /* Frameworks */,
				D1E95BBF1B442FFD00620BD7 /* Resources */,
			);
			buildRules = (
			);
			dependencies = (
			);
			name = "Mad Libs";
			productName = "Mad Libs";
			productReference = D1E95BC11B442FFD00620BD7 /* Mad Libs.app */;
			productType = "com.apple.product-type.application";
		};
		D1E95BD41B442FFD00620BD7 /* Mad LibsTests */ = {
			isa = PBXNativeTarget;
			buildConfigurationList = D1E95BEC1B442FFD00620BD7 /* Build configuration list for PBXNativeTarget "Mad LibsTests" */;
			buildPhases = (
				D1E95BD11B442FFD00620BD7 /* Sources */,
				D1E95BD21B442FFD00620BD7 /* Frameworks */,
				D1E95BD31B442FFD00620BD7 /* Resources */,
			);
			buildRules = (
			);
			dependencies = (
				D1E95BD71B442FFD00620BD7 /* PBXTargetDependency */,
			);
			name = "Mad LibsTests";
			productName = "Mad LibsTests";
			productReference = D1E95BD51B442FFD00620BD7 /* Mad LibsTests.xctest */;
			productType = "com.apple.product-type.bundle.unit-test";
		};
		D1E95BDF1B442FFD00620BD7 /* Mad LibsUITests */ = {
			isa = PBXNativeTarget;
			buildConfigurationList = D1E95BEF1B442FFD00620BD7 /* Build configuration list for PBXNativeTarget "Mad LibsUITests" */;
			buildPhases = (
				D1E95BDC1B442FFD00620BD7 /* Sources */,
				D1E95BDD1B442FFD00620BD7 /* Frameworks */,
				D1E95BDE1B442FFD00620BD7 /* Resources */,
			);
			buildRules = (
			);
			dependencies = (
				D1E95BE21B442FFD00620BD7 /* PBXTargetDependency */,
			);
			name = "Mad LibsUITests";
			productName = "Mad LibsUITests";
			productReference = D1E95BE01B442FFD00620BD7 /* Mad LibsUITests.xctest */;
			productType = "com.apple.product-type.bundle.ui-testing";
		};
/* End PBXNativeTarget section */

/* Begin PBXProject section */
		D1E95BB91B442FFD00620BD7 /* Project object */ = {
			isa = PBXProject;
			attributes = {
				LastUpgradeCheck = 0700;
				ORGANIZATIONNAME = "Jack Cable";
				TargetAttributes = {
					D1E95BC01B442FFD00620BD7 = {
						CreatedOnToolsVersion = 7.0;
					};
					D1E95BD41B442FFD00620BD7 = {
						CreatedOnToolsVersion = 7.0;
						TestTargetID = D1E95BC01B442FFD00620BD7;
					};
					D1E95BDF1B442FFD00620BD7 = {
						CreatedOnToolsVersion = 7.0;
						TestTargetID = D1E95BC01B442FFD00620BD7;
					};
				};
			};
			buildConfigurationList = D1E95BBC1B442FFD00620BD7 /* Build configuration list for PBXProject "Mad Libs" */;
			compatibilityVersion = "Xcode 3.2";
			developmentRegion = English;
			hasScannedForEncodings = 0;
			knownRegions = (
				en,
				Base,
			);
			mainGroup = D1E95BB81B442FFD00620BD7;
			productRefGroup = D1E95BC21B442FFD00620BD7 /* Products */;
			projectDirPath = "";
			projectRoot = "";
			targets = (
				D1E95BC01B442FFD00620BD7 /* Mad Libs */,
				D1E95BD41B442FFD00620BD7 /* Mad LibsTests */,
				D1E95BDF1B442FFD00620BD7 /* Mad LibsUITests */,
			);
		};
/* End PBXProject section */

/* Begin PBXResourcesBuildPhase section */
		D1E95BBF1B442FFD00620BD7 /* Resources */ = {
			isa = PBXResourcesBuildPhase;
			buildActionMask = 2147483647;
			files = (
				D1E95BCF1B442FFD00620BD7 /* LaunchScreen.storyboard in Resources */,
				D1E95BCC1B442FFD00620BD7 /* Assets.xcassets in Resources */,
				D1E95BCA1B442FFD00620BD7 /* Main.storyboard in Resources */,
			);
			runOnlyForDeploymentPostprocessing = 0;
		};
		D1E95BD31B442FFD00620BD7 /* Resources */ = {
			isa = PBXResourcesBuildPhase;
			buildActionMask = 2147483647;
			files = (
			);
			runOnlyForDeploymentPostprocessing = 0;
		};
		D1E95BDE1B442FFD00620BD7 /* Resources */ = {
			isa = PBXResourcesBuildPhase;
			buildActionMask = 2147483647;
			files = (
			);
			runOnlyForDeploymentPostprocessing = 0;
		};
/* End PBXResourcesBuildPhase section */

/* Begin PBXSourcesBuildPhase section */
		D1E95BBD1B442FFD00620BD7 /* Sources */ = {
			isa = PBXSourcesBuildPhase;
			buildActionMask = 2147483647;
			files = (
				D1E95BF91B4445F300620BD7 /* FileManager.swift in Sources */,
				D1E95BC71B442FFD00620BD7 /* ViewController.swift in Sources */,
				D1E95BFB1B444CFE00620BD7 /* MadLibsTableViewCell.swift in Sources */,
				D1E95BF51B44407B00620BD7 /* EditStoryViewController.swift in Sources */,
				D1E95BC51B442FFD00620BD7 /* AppDelegate.swift in Sources */,
				D1E95BF71B44408A00620BD7 /* ViewStoryViewController.swift in Sources */,
			);
			runOnlyForDeploymentPostprocessing = 0;
		};
		D1E95BD11B442FFD00620BD7 /* Sources */ = {
			isa = PBXSourcesBuildPhase;
			buildActionMask = 2147483647;
			files = (
				D1E95BDA1B442FFD00620BD7 /* Mad_LibsTests.swift in Sources */,
			);
			runOnlyForDeploymentPostprocessing = 0;
		};
		D1E95BDC1B442FFD00620BD7 /* Sources */ = {
			isa = PBXSourcesBuildPhase;
			buildActionMask = 2147483647;
			files = (
				D1E95BE51B442FFD00620BD7 /* Mad_LibsUITests.swift in Sources */,
			);
			runOnlyForDeploymentPostprocessing = 0;
		};
/* End PBXSourcesBuildPhase section */

/* Begin PBXTargetDependency section */
		D1E95BD71B442FFD00620BD7 /* PBXTargetDependency */ = {
			isa = PBXTargetDependency;
			target = D1E95BC01B442FFD00620BD7 /* Mad Libs */;
			targetProxy = D1E95BD61B442FFD00620BD7 /* PBXContainerItemProxy */;
		};
		D1E95BE21B442FFD00620BD7 /* PBXTargetDependency */ = {
			isa = PBXTargetDependency;
			target = D1E95BC01B442FFD00620BD7 /* Mad Libs */;
			targetProxy = D1E95BE11B442FFD00620BD7 /* PBXContainerItemProxy */;
		};
/* End PBXTargetDependency section */

/* Begin PBXVariantGroup section */
		D1E95BC81B442FFD00620BD7 /* Main.storyboard */ = {
			isa = PBXVariantGroup;
			children = (
				D1E95BC91B442FFD00620BD7 /* Base */,
			);
			name = Main.storyboard;
			sourceTree = "<group>";
		};
		D1E95BCD1B442FFD00620BD7 /* LaunchScreen.storyboard */ = {
			isa = PBXVariantGroup;
			children = (
				D1E95BCE1B442FFD00620BD7 /* Base */,
			);
			name = LaunchScreen.storyboard;
			sourceTree = "<group>";
		};
/* End PBXVariantGroup section */

/* Begin XCBuildConfiguration section */
		D1E95BE71B442FFD00620BD7 /* Debug */ = {
			isa = XCBuildConfiguration;
			buildSettings = {
				ALWAYS_SEARCH_USER_PATHS = NO;
				CLANG_CXX_LANGUAGE_STANDARD = "gnu++0x";
				CLANG_CXX_LIBRARY = "libc++";
				CLANG_ENABLE_MODULES = YES;
				CLANG_ENABLE_OBJC_ARC = YES;
				CLANG_WARN_BOOL_CONVERSION = YES;
				CLANG_WARN_CONSTANT_CONVERSION = YES;
				CLANG_WARN_DIRECT_OBJC_ISA_USAGE = YES_ERROR;
				CLANG_WARN_EMPTY_BODY = YES;
				CLANG_WARN_ENUM_CONVERSION = YES;
				CLANG_WARN_INT_CONVERSION = YES;
				CLANG_WARN_OBJC_ROOT_CLASS = YES_ERROR;
				CLANG_WARN_UNREACHABLE_CODE = YES;
				CLANG_WARN__DUPLICATE_METHOD_MATCH = YES;
				"CODE_SIGN_IDENTITY[sdk=iphoneos*]" = "iPhone Developer";
				COPY_PHASE_STRIP = NO;
				DEBUG_INFORMATION_FORMAT = dwarf;
				ENABLE_STRICT_OBJC_MSGSEND = YES;
				ENABLE_TESTABILITY = YES;
				GCC_C_LANGUAGE_STANDARD = gnu99;
				GCC_DYNAMIC_NO_PIC = NO;
				GCC_NO_COMMON_BLOCKS = YES;
				GCC_OPTIMIZATION_LEVEL = 0;
				GCC_PREPROCESSOR_DEFINITIONS = (
					"DEBUG=1",
					"$(inherited)",
				);
				GCC_WARN_64_TO_32_BIT_CONVERSION = YES;
				GCC_WARN_ABOUT_RETURN_TYPE = YES_ERROR;
				GCC_WARN_UNDECLARED_SELECTOR = YES;
				GCC_WARN_UNINITIALIZED_AUTOS = YES_AGGRESSIVE;
				GCC_WARN_UNUSED_FUNCTION = YES;
				GCC_WARN_UNUSED_VARIABLE = YES;
				IPHONEOS_DEPLOYMENT_TARGET = 9.0;
				MTL_ENABLE_DEBUG_INFO = YES;
				ONLY_ACTIVE_ARCH = YES;
				SDKROOT = iphoneos;
				SWIFT_OPTIMIZATION_LEVEL = "-Onone";
				TARGETED_DEVICE_FAMILY = "1,2";
			};
			name = Debug;
		};
		D1E95BE81B442FFD00620BD7 /* Release */ = {
			isa = XCBuildConfiguration;
			buildSettings = {
				ALWAYS_SEARCH_USER_PATHS = NO;
				CLANG_CXX_LANGUAGE_STANDARD = "gnu++0x";
				CLANG_CXX_LIBRARY = "libc++";
				CLANG_ENABLE_MODULES = YES;
				CLANG_ENABLE_OBJC_ARC = YES;
				CLANG_WARN_BOOL_CONVERSION = YES;
				CLANG_WARN_CONSTANT_CONVERSION = YES;
				CLANG_WARN_DIRECT_OBJC_ISA_USAGE = YES_ERROR;
				CLANG_WARN_EMPTY_BODY = YES;
				CLANG_WARN_ENUM_CONVERSION = YES;
				CLANG_WARN_INT_CONVERSION = YES;
				CLANG_WARN_OBJC_ROOT_CLASS = YES_ERROR;
				CLANG_WARN_UNREACHABLE_CODE = YES;
				CLANG_WARN__DUPLICATE_METHOD_MATCH = YES;
				"CODE_SIGN_IDENTITY[sdk=iphoneos*]" = "iPhone Developer";
				COPY_PHASE_STRIP = NO;
				DEBUG_INFORMATION_FORMAT = "dwarf-with-dsym";
				ENABLE_NS_ASSERTIONS = NO;
				ENABLE_STRICT_OBJC_MSGSEND = YES;
				GCC_C_LANGUAGE_STANDARD = gnu99;
				GCC_NO_COMMON_BLOCKS = YES;
				GCC_WARN_64_TO_32_BIT_CONVERSION = YES;
				GCC_WARN_ABOUT_RETURN_TYPE = YES_ERROR;
				GCC_WARN_UNDECLARED_SELECTOR = YES;
				GCC_WARN_UNINITIALIZED_AUTOS = YES_AGGRESSIVE;
				GCC_WARN_UNUSED_FUNCTION = YES;
				GCC_WARN_UNUSED_VARIABLE = YES;
				IPHONEOS_DEPLOYMENT_TARGET = 9.0;
				MTL_ENABLE_DEBUG_INFO = NO;
				SDKROOT = iphoneos;
				TARGETED_DEVICE_FAMILY = "1,2";
				VALIDATE_PRODUCT = YES;
			};
			name = Release;
		};
		D1E95BEA1B442FFD00620BD7 /* Debug */ = {
			isa = XCBuildConfiguration;
			buildSettings = {
				ASSETCATALOG_COMPILER_APPICON_NAME = AppIcon;
				INFOPLIST_FILE = "Mad Libs/Info.plist";
				LD_RUNPATH_SEARCH_PATHS = "$(inherited) @executable_path/Frameworks";
				PRODUCT_BUNDLE_IDENTIFIER = "com.cable.Mad-Libs";
				PRODUCT_NAME = "$(TARGET_NAME)";
			};
			name = Debug;
		};
		D1E95BEB1B442FFD00620BD7 /* Release */ = {
			isa = XCBuildConfiguration;
			buildSettings = {
				ASSETCATALOG_COMPILER_APPICON_NAME = AppIcon;
				INFOPLIST_FILE = "Mad Libs/Info.plist";
				LD_RUNPATH_SEARCH_PATHS = "$(inherited) @executable_path/Frameworks";
				PRODUCT_BUNDLE_IDENTIFIER = "com.cable.Mad-Libs";
				PRODUCT_NAME = "$(TARGET_NAME)";
			};
			name = Release;
		};
		D1E95BED1B442FFD00620BD7 /* Debug */ = {
			isa = XCBuildConfiguration;
			buildSettings = {
				BUNDLE_LOADER = "$(TEST_HOST)";
				INFOPLIST_FILE = "Mad LibsTests/Info.plist";
				LD_RUNPATH_SEARCH_PATHS = "$(inherited) @executable_path/Frameworks @loader_path/Frameworks";
				PRODUCT_BUNDLE_IDENTIFIER = "com.cable.Mad-LibsTests";
				PRODUCT_NAME = "$(TARGET_NAME)";
				TEST_HOST = "$(BUILT_PRODUCTS_DIR)/Mad Libs.app/Mad Libs";
			};
			name = Debug;
		};
		D1E95BEE1B442FFD00620BD7 /* Release */ = {
			isa = XCBuildConfiguration;
			buildSettings = {
				BUNDLE_LOADER = "$(TEST_HOST)";
				INFOPLIST_FILE = "Mad LibsTests/Info.plist";
				LD_RUNPATH_SEARCH_PATHS = "$(inherited) @executable_path/Frameworks @loader_path/Frameworks";
				PRODUCT_BUNDLE_IDENTIFIER = "com.cable.Mad-LibsTests";
				PRODUCT_NAME = "$(TARGET_NAME)";
				TEST_HOST = "$(BUILT_PRODUCTS_DIR)/Mad Libs.app/Mad Libs";
			};
			name = Release;
		};
		D1E95BF01B442FFD00620BD7 /* Debug */ = {
			isa = XCBuildConfiguration;
			buildSettings = {
				INFOPLIST_FILE = "Mad LibsUITests/Info.plist";
				LD_RUNPATH_SEARCH_PATHS = "$(inherited) @executable_path/Frameworks @loader_path/Frameworks";
				PRODUCT_BUNDLE_IDENTIFIER = "com.cable.Mad-LibsUITests";
				PRODUCT_NAME = "$(TARGET_NAME)";
				TEST_TARGET_NAME = "Mad Libs";
				USES_XCTRUNNER = YES;
			};
			name = Debug;
		};
		D1E95BF11B442FFD00620BD7 /* Release */ = {
			isa = XCBuildConfiguration;
			buildSettings = {
				INFOPLIST_FILE = "Mad LibsUITests/Info.plist";
				LD_RUNPATH_SEARCH_PATHS = "$(inherited) @executable_path/Frameworks @loader_path/Frameworks";
				PRODUCT_BUNDLE_IDENTIFIER = "com.cable.Mad-LibsUITests";
				PRODUCT_NAME = "$(TARGET_NAME)";
				TEST_TARGET_NAME = "Mad Libs";
				USES_XCTRUNNER = YES;
			};
			name = Release;
		};
/* End XCBuildConfiguration section */

/* Begin XCConfigurationList section */
		D1E95BBC1B442FFD00620BD7 /* Build configuration list for PBXProject "Mad Libs" */ = {
			isa = XCConfigurationList;
			buildConfigurations = (
				D1E95BE71B442FFD00620BD7 /* Debug */,
				D1E95BE81B442FFD00620BD7 /* Release */,
			);
			defaultConfigurationIsVisible = 0;
			defaultConfigurationName = Release;
		};
		D1E95BE91B442FFD00620BD7 /* Build configuration list for PBXNativeTarget "Mad Libs" */ = {
			isa = XCConfigurationList;
			buildConfigurations = (
				D1E95BEA1B442FFD00620BD7 /* Debug */,
				D1E95BEB1B442FFD00620BD7 /* Release */,
			);
			defaultConfigurationIsVisible = 0;
		};
		D1E95BEC1B442FFD00620BD7 /* Build configuration list for PBXNativeTarget "Mad LibsTests" */ = {
			isa = XCConfigurationList;
			buildConfigurations = (
				D1E95BED1B442FFD00620BD7 /* Debug */,
				D1E95BEE1B442FFD00620BD7 /* Release */,
			);
			defaultConfigurationIsVisible = 0;
		};
		D1E95BEF1B442FFD00620BD7 /* Build configuration list for PBXNativeTarget "Mad LibsUITests" */ = {
			isa = XCConfigurationList;
			buildConfigurations = (
				D1E95BF01B442FFD00620BD7 /* Debug */,
				D1E95BF11B442FFD00620BD7 /* Release */,
			);
			defaultConfigurationIsVisible = 0;
		};
/* End XCConfigurationList section */
	};
	rootObject = D1E95BB91B442FFD00620BD7 /* Project object */;
}
